{
  "version": "2",
  "remote": {
    "https://deno.land/std@0.145.0/_deno_unstable.ts": "be3276fd42cffb49f51b705c4b0aa8656aaf2a34be22d769455c8e50ea38e51a",
    "https://deno.land/std@0.145.0/_util/assert.ts": "e94f2eb37cebd7f199952e242c77654e43333c1ac4c5c700e929ea3aa5489f74",
    "https://deno.land/std@0.145.0/_util/os.ts": "3b4c6e27febd119d36a416d7a97bd3b0251b77c88942c8f16ee5953ea13e2e49",
    "https://deno.land/std@0.145.0/async/abortable.ts": "87aa7230be8360c24ad437212311c9e8d4328854baec27b4c7abb26e85515c06",
    "https://deno.land/std@0.145.0/async/deadline.ts": "48ac998d7564969f3e6ec6b6f9bf0217ebd00239b1b2292feba61272d5dd58d0",
    "https://deno.land/std@0.145.0/async/debounce.ts": "564273ef242bcfcda19a439132f940db8694173abffc159ea34f07d18fc42620",
    "https://deno.land/std@0.145.0/async/deferred.ts": "bc18e28108252c9f67dfca2bbc4587c3cbf3aeb6e155f8c864ca8ecff992b98a",
    "https://deno.land/std@0.145.0/async/delay.ts": "cbbdf1c87d1aed8edc7bae13592fb3e27e3106e0748f089c263390d4f49e5f6c",
    "https://deno.land/std@0.145.0/async/mod.ts": "9852cd8ed897ab2d41a8fbee611d574e97898327db5c19d9d58e41126473f02c",
    "https://deno.land/std@0.145.0/async/mux_async_iterator.ts": "5b4aca6781ad0f2e19ccdf1d1a1c092ccd3e00d52050d9c27c772658c8367256",
    "https://deno.land/std@0.145.0/async/pool.ts": "ef9eb97b388543acbf0ac32647121e4dbe629236899586c4d4311a8770fbb239",
    "https://deno.land/std@0.145.0/async/tee.ts": "bcfae0017ebb718cf4eef9e2420e8675d91cb1bcc0ed9b668681af6e6caad846",
    "https://deno.land/std@0.145.0/bytes/bytes_list.ts": "aba5e2369e77d426b10af1de0dcc4531acecec27f9b9056f4f7bfbf8ac147ab4",
    "https://deno.land/std@0.145.0/bytes/equals.ts": "3c3558c3ae85526f84510aa2b48ab2ad7bdd899e2e0f5b7a8ffc85acb3a6043a",
    "https://deno.land/std@0.145.0/bytes/mod.ts": "763f97d33051cc3f28af1a688dfe2830841192a9fea0cbaa55f927b49d49d0bf",
    "https://deno.land/std@0.145.0/encoding/base64.ts": "c8c16b4adaa60d7a8eee047c73ece26844435e8f7f1328d74593dbb2dd58ea4f",
    "https://deno.land/std@0.145.0/encoding/base64url.ts": "0f25223d77ddc3133590cd7136fb6ca0a7754008131ef8cc8a2240566e8a3fba",
    "https://deno.land/std@0.145.0/flags/mod.ts": "387fd528c1c518eec8eb58ae886b15d3dabab27985e55e886c10ae37a540c6ee",
    "https://deno.land/std@0.145.0/fmt/colors.ts": "6f9340b7fb8cc25a993a99e5efc56fe81bb5af284ff412129dd06df06f53c0b4",
    "https://deno.land/std@0.145.0/fmt/printf.ts": "e2c0f72146aed1efecf0c39ab928b26ae493a2278f670a871a0fbdcf36ff3379",
    "https://deno.land/std@0.145.0/io/buffer.ts": "bd0c4bf53db4b4be916ca5963e454bddfd3fcd45039041ea161dbf826817822b",
    "https://deno.land/std@0.145.0/io/types.d.ts": "0cae3a62da7a37043661746c65c021058bae020b54e50c0e774916e5d4baee43",
    "https://deno.land/std@0.145.0/node/_buffer.d.ts": "90f674081428a61978b6d481c5f557ff743a3f4a85d7ae113caab48fdf5b8a63",
    "https://deno.land/std@0.145.0/node/_buffer.mjs": "4e3e6b0f0613300340705a99a1998c655ba22bf08644c49df21f4aaa44e951d0",
    "https://deno.land/std@0.145.0/node/_core.ts": "568d277be2e086af996cbdd599fec569f5280e9a494335ca23ad392b130d7bb9",
    "https://deno.land/std@0.145.0/node/_events.d.ts": "5b6d1a7931eb692d3b64018e7a3f57310284d3bf467aa2e6371c65bb626c1859",
    "https://deno.land/std@0.145.0/node/_events.mjs": "a87d6bc0e2a139ce1bb89e56fe36969dc960c1af70b6d5fafaab8782659c57a0",
    "https://deno.land/std@0.145.0/node/_global.d.ts": "6dadaf8cec2a0c506b22170617286e0bdc80be53dd0673e67fc7dd37a1130c68",
    "https://deno.land/std@0.145.0/node/_next_tick.ts": "3546559be2b353208f8b10df81c6d9c26c045fa4ea811926f6596f2dc6b1b0b1",
    "https://deno.land/std@0.145.0/node/_process/exiting.ts": "bc9694769139ffc596f962087155a8bfef10101d03423b9dcbc51ce6e1f88fce",
    "https://deno.land/std@0.145.0/node/_process/process.ts": "84644b184053835670f79652d1ce3312c9ad079c211e6207ebefeedf159352a3",
    "https://deno.land/std@0.145.0/node/_process/stdio.mjs": "971c3b086040d8521562155db13f22f9971d5c42c852b2081d4d2f0d8b6ab6bd",
    "https://deno.land/std@0.145.0/node/_process/streams.mjs": "da4dc14ad62a72d3efbaec6a660567a778653cb1b8d7a0d17fedba909574263d",
    "https://deno.land/std@0.145.0/node/_stream.d.ts": "cbec8328d2dc46b13090420117e1d55018b0632b69b4fb0692f1a028ef91d1aa",
    "https://deno.land/std@0.145.0/node/_stream.mjs": "07f6cbabaad0382fb4b9a25e70ac3093a44022b859247f64726746e6373f1c91",
    "https://deno.land/std@0.145.0/node/_util/_util_callbackify.ts": "79928ad80df3e469f7dcdb198118a7436d18a9f6c08bd7a4382332ad25a718cf",
    "https://deno.land/std@0.145.0/node/_utils.ts": "facb40140c9f1e6f23a047071a0d7e00f2be32afe5a7f063f7e55b1bd83f6488",
    "https://deno.land/std@0.145.0/node/buffer.ts": "fbecbf3f237fa49bec96e97ecf56a7b92d48037b3d11219288e68943cc921600",
    "https://deno.land/std@0.145.0/node/events.ts": "a1d40fc0dbccc944379ef968b80ea08f9fce579e88b5057fdb64e4f0812476dd",
    "https://deno.land/std@0.145.0/node/internal/blob.mjs": "52080b2f40b114203df67f8a6650f9fe3c653912b8b3ef2f31f029853df4db53",
    "https://deno.land/std@0.145.0/node/internal/buffer.mjs": "6662fe7fe517329453545be34cea27a24f8ccd6d09afd4f609f11ade2b6dfca7",
    "https://deno.land/std@0.145.0/node/internal/crypto/_keys.ts": "7f993ece8c8e94a292944518cf4173521c6bf01785e75be014cd45a9cc2e4ad5",
    "https://deno.land/std@0.145.0/node/internal/crypto/constants.ts": "d2c8821977aef55e4d66414d623c24a2447791a8b49b6404b8db32d81e20c315",
    "https://deno.land/std@0.145.0/node/internal/error_codes.ts": "ac03c4eae33de3a69d6c98e8678003207eecf75a6900eb847e3fea3c8c9e6d8f",
    "https://deno.land/std@0.145.0/node/internal/errors.ts": "fe669a2482099ddd2d5c9d76a8971b5fb47d7a4c6a98c7f3ef9f366bf10e1998",
    "https://deno.land/std@0.145.0/node/internal/fixed_queue.ts": "455b3c484de48e810b13bdf95cd1658ecb1ba6bcb8b9315ffe994efcde3ba5f5",
    "https://deno.land/std@0.145.0/node/internal/hide_stack_frames.ts": "a91962ec84610bc7ec86022c4593cdf688156a5910c07b5bcd71994225c13a03",
    "https://deno.land/std@0.145.0/node/internal/net.ts": "1239886cd2508a68624c2dae8abf895e8aa3bb15a748955349f9ac5539032238",
    "https://deno.land/std@0.145.0/node/internal/normalize_encoding.mjs": "3779ec8a7adf5d963b0224f9b85d1bc974a2ec2db0e858396b5d3c2c92138a0a",
    "https://deno.land/std@0.145.0/node/internal/options.ts": "a23c285975e058cb26a19abcb048cd8b46ab12d21cfb028868ac8003fffb43ac",
    "https://deno.land/std@0.145.0/node/internal/process/per_thread.mjs": "bc1be72a6a662bf81573c20fe74893374847a7302065ddf52fb3fb2af505f31f",
    "https://deno.land/std@0.145.0/node/internal/readline/callbacks.mjs": "1aa7d97dbc10ed85474ca046518793cfe6490ec008aac875bb437ded32f9254e",
    "https://deno.land/std@0.145.0/node/internal/readline/utils.mjs": "5278e8e48a075a375530e9f083d54bcc057a97e8d18ba37331cfb8d9a4d4c7ef",
    "https://deno.land/std@0.145.0/node/internal/streams/_utils.ts": "77fceaa766679847e4d4c3c96b2573c00a790298d90551e8e4df1d5e0fdaad3b",
    "https://deno.land/std@0.145.0/node/internal/streams/add-abort-signal.mjs": "5623b83fa64d439cc4a1f09ae47ec1db29512cc03479389614d8f62a37902f5e",
    "https://deno.land/std@0.145.0/node/internal/streams/buffer_list.mjs": "c6a7b29204fae025ff5e9383332acaea5d44bc7c522a407a79b8f7a6bc6c312d",
    "https://deno.land/std@0.145.0/node/internal/streams/compose.mjs": "b522daab35a80ae62296012a4254fd7edfc0366080ffe63ddda4e38fe6b6803e",
    "https://deno.land/std@0.145.0/node/internal/streams/destroy.mjs": "9c9bbeb172a437041d529829f433df72cf0b63ae49f3ee6080a55ffbef7572ad",
    "https://deno.land/std@0.145.0/node/internal/streams/duplex.mjs": "95e10e60d31ed3290c33110f8485196bdee19e12550b46e0be9d93b51f8dec23",
    "https://deno.land/std@0.145.0/node/internal/streams/end-of-stream.mjs": "38be76eaceac231dfde643e72bc0940625446bf6d1dbd995c91c5ba9fd59b338",
    "https://deno.land/std@0.145.0/node/internal/streams/from.mjs": "134255c698ed63b33199911eb8e042f8f67e9682409bb11552e6120041ed1872",
    "https://deno.land/std@0.145.0/node/internal/streams/legacy.mjs": "6ea28db95d4503447473e62f0b23ff473bfe1751223c33a3c5816652e93b257a",
    "https://deno.land/std@0.145.0/node/internal/streams/passthrough.mjs": "a51074193b959f3103d94de41e23a78dfcff532bdba53af9146b86340d85eded",
    "https://deno.land/std@0.145.0/node/internal/streams/pipeline.mjs": "9890b121759ede869174ef70c011fde964ca94d81f2ed97b8622d7cb17b49285",
    "https://deno.land/std@0.145.0/node/internal/streams/readable.mjs": "a70c41171ae25c556b52785b0c178328014bd33d8c0e4d229d4adaac7414b6ca",
    "https://deno.land/std@0.145.0/node/internal/streams/state.mjs": "9ef917392a9d8005a6e038260c5fd31518d2753aea0bc9e39824c199310434cb",
    "https://deno.land/std@0.145.0/node/internal/streams/transform.mjs": "3b361abad2ac78f7ccb6f305012bafdc0e983dfa4bb6ecddb4626e34a781a5f5",
    "https://deno.land/std@0.145.0/node/internal/streams/utils.mjs": "06c21d0db0d51f1bf1e3225a661c3c29909be80355d268e64ee5922fc5eb6c5e",
    "https://deno.land/std@0.145.0/node/internal/streams/writable.mjs": "ad4e2b176ffdf752c8e678ead3a514679a5a8d652f4acf797115dceb798744d5",
    "https://deno.land/std@0.145.0/node/internal/util.mjs": "2f0c8ff553c175ea6e4ed13d7cd7cd6b86dc093dc2f783c6c3dfc63f60a0943e",
    "https://deno.land/std@0.145.0/node/internal/util/comparisons.ts": "666e75e01a85b5d3410e43625ab9fc165811439aa1298c14054acb64b670dc48",
    "https://deno.land/std@0.145.0/node/internal/util/debuglog.ts": "6f12a764f5379e9d2675395d15d2fb48bd7376921ef64006ffb022fc7f44ab82",
    "https://deno.land/std@0.145.0/node/internal/util/inspect.mjs": "d1c2569c66a3dab45eec03208f22ad4351482527859c0011a28a6c797288a0aa",
    "https://deno.land/std@0.145.0/node/internal/util/types.ts": "bc2d35582946525f6068b678bb798e2a10298fefeefd3cb9b85f6bdc9014da16",
    "https://deno.land/std@0.145.0/node/internal/validators.mjs": "a7e82eafb7deb85c332d5f8d9ffef052f46a42d4a121eada4a54232451acc49a",
    "https://deno.land/std@0.145.0/node/internal_binding/_libuv_winerror.ts": "801e05c2742ae6cd42a5f0fd555a255a7308a65732551e962e5345f55eedc519",
    "https://deno.land/std@0.145.0/node/internal_binding/_listen.ts": "c15a356ef4758770fc72d3ca4db33f0cc321016df1aafb927c027c0d73ac2c42",
    "https://deno.land/std@0.145.0/node/internal_binding/_node.ts": "e4075ba8a37aef4eb5b592c8e3807c39cb49ca8653faf8e01a43421938076c1b",
    "https://deno.land/std@0.145.0/node/internal_binding/_timingSafeEqual.ts": "4a4ef17e482889d9d82138d5ffc0e787c32c04b1f12b28d076b1a69ceca46af1",
    "https://deno.land/std@0.145.0/node/internal_binding/_utils.ts": "1c50883b5751a9ea1b38951e62ed63bacfdc9d69ea665292edfa28e1b1c5bd94",
    "https://deno.land/std@0.145.0/node/internal_binding/_winerror.ts": "8811d4be66f918c165370b619259c1f35e8c3e458b8539db64c704fbde0a7cd2",
    "https://deno.land/std@0.145.0/node/internal_binding/ares.ts": "33ff8275bc11751219af8bd149ea221c442d7e8676e3e9f20ccb0e1f0aac61b8",
    "https://deno.land/std@0.145.0/node/internal_binding/async_wrap.ts": "b83e4021a4854b2e13720f96d21edc11f9905251c64c1bc625a361f574400959",
    "https://deno.land/std@0.145.0/node/internal_binding/buffer.ts": "781e1d13adc924864e6e37ecb5152e8a4e994cf394695136e451c47f00bda76c",
    "https://deno.land/std@0.145.0/node/internal_binding/cares_wrap.ts": "17ff0dd7dbf77e835a7b8fa5361efd26c0b3d610cba2641e0b613a572ebab412",
    "https://deno.land/std@0.145.0/node/internal_binding/config.ts": "e292217d048a33573966b7d25352828d3282921fbcadce8735a20fb3da370cc4",
    "https://deno.land/std@0.145.0/node/internal_binding/connection_wrap.ts": "0380444ee94d5bd7b0b09921223d16729c9762a94e80b7f51eda49c7f42e6d0a",
    "https://deno.land/std@0.145.0/node/internal_binding/constants.ts": "f4afc504137fb21f3908ab549931604968dfa62432b285a0874f41c4cade9ed2",
    "https://deno.land/std@0.145.0/node/internal_binding/contextify.ts": "e292217d048a33573966b7d25352828d3282921fbcadce8735a20fb3da370cc4",
    "https://deno.land/std@0.145.0/node/internal_binding/credentials.ts": "e292217d048a33573966b7d25352828d3282921fbcadce8735a20fb3da370cc4",
    "https://deno.land/std@0.145.0/node/internal_binding/crypto.ts": "33344221de729bfb06f4953ed9d68efbb7e6412e60ff212883680b4bf08c011f",
    "https://deno.land/std@0.145.0/node/internal_binding/errors.ts": "e292217d048a33573966b7d25352828d3282921fbcadce8735a20fb3da370cc4",
    "https://deno.land/std@0.145.0/node/internal_binding/fs.ts": "e292217d048a33573966b7d25352828d3282921fbcadce8735a20fb3da370cc4",
    "https://deno.land/std@0.145.0/node/internal_binding/fs_dir.ts": "e292217d048a33573966b7d25352828d3282921fbcadce8735a20fb3da370cc4",
    "https://deno.land/std@0.145.0/node/internal_binding/fs_event_wrap.ts": "e292217d048a33573966b7d25352828d3282921fbcadce8735a20fb3da370cc4",
    "https://deno.land/std@0.145.0/node/internal_binding/handle_wrap.ts": "eadbeea68deee9768b50f8f797738a088e8a7a1c9aa7d092c955faeacac53d58",
    "https://deno.land/std@0.145.0/node/internal_binding/heap_utils.ts": "e292217d048a33573966b7d25352828d3282921fbcadce8735a20fb3da370cc4",
    "https://deno.land/std@0.145.0/node/internal_binding/http_parser.ts": "e292217d048a33573966b7d25352828d3282921fbcadce8735a20fb3da370cc4",
    "https://deno.land/std@0.145.0/node/internal_binding/icu.ts": "e292217d048a33573966b7d25352828d3282921fbcadce8735a20fb3da370cc4",
    "https://deno.land/std@0.145.0/node/internal_binding/inspector.ts": "e292217d048a33573966b7d25352828d3282921fbcadce8735a20fb3da370cc4",
    "https://deno.land/std@0.145.0/node/internal_binding/js_stream.ts": "e292217d048a33573966b7d25352828d3282921fbcadce8735a20fb3da370cc4",
    "https://deno.land/std@0.145.0/node/internal_binding/messaging.ts": "e292217d048a33573966b7d25352828d3282921fbcadce8735a20fb3da370cc4",
    "https://deno.land/std@0.145.0/node/internal_binding/mod.ts": "f68e74e8eed84eaa6b0de24f0f4c47735ed46866d7ee1c5a5e7c0667b4f0540f",
    "https://deno.land/std@0.145.0/node/internal_binding/module_wrap.ts": "e292217d048a33573966b7d25352828d3282921fbcadce8735a20fb3da370cc4",
    "https://deno.land/std@0.145.0/node/internal_binding/native_module.ts": "e292217d048a33573966b7d25352828d3282921fbcadce8735a20fb3da370cc4",
    "https://deno.land/std@0.145.0/node/internal_binding/natives.ts": "e292217d048a33573966b7d25352828d3282921fbcadce8735a20fb3da370cc4",
    "https://deno.land/std@0.145.0/node/internal_binding/node_file.ts": "c96ee0b2af319a3916de950a6c4b0d5fb00d09395c51cd239c54d95d62567aaf",
    "https://deno.land/std@0.145.0/node/internal_binding/node_options.ts": "3cd5706153d28a4f5944b8b162c1c61b7b8e368a448fb1a2cff9f7957d3db360",
    "https://deno.land/std@0.145.0/node/internal_binding/options.ts": "e292217d048a33573966b7d25352828d3282921fbcadce8735a20fb3da370cc4",
    "https://deno.land/std@0.145.0/node/internal_binding/os.ts": "e292217d048a33573966b7d25352828d3282921fbcadce8735a20fb3da370cc4",
    "https://deno.land/std@0.145.0/node/internal_binding/performance.ts": "e292217d048a33573966b7d25352828d3282921fbcadce8735a20fb3da370cc4",
    "https://deno.land/std@0.145.0/node/internal_binding/pipe_wrap.ts": "792e3bbcbdb7ce3b51a430a85331a90408113160739d72d050ab243714219430",
    "https://deno.land/std@0.145.0/node/internal_binding/process_methods.ts": "e292217d048a33573966b7d25352828d3282921fbcadce8735a20fb3da370cc4",
    "https://deno.land/std@0.145.0/node/internal_binding/report.ts": "e292217d048a33573966b7d25352828d3282921fbcadce8735a20fb3da370cc4",
    "https://deno.land/std@0.145.0/node/internal_binding/serdes.ts": "e292217d048a33573966b7d25352828d3282921fbcadce8735a20fb3da370cc4",
    "https://deno.land/std@0.145.0/node/internal_binding/signal_wrap.ts": "e292217d048a33573966b7d25352828d3282921fbcadce8735a20fb3da370cc4",
    "https://deno.land/std@0.145.0/node/internal_binding/spawn_sync.ts": "e292217d048a33573966b7d25352828d3282921fbcadce8735a20fb3da370cc4",
    "https://deno.land/std@0.145.0/node/internal_binding/stream_wrap.ts": "7a418a7c57bbfb642a111753c98e9cdfcd4aafa5aec4b48be1dbd62e08c2d9a7",
    "https://deno.land/std@0.145.0/node/internal_binding/string_decoder.ts": "5cb1863763d1e9b458bc21d6f976f16d9c18b3b3f57eaf0ade120aee38fba227",
    "https://deno.land/std@0.145.0/node/internal_binding/symbols.ts": "51cfca9bb6132d42071d4e9e6b68a340a7f274041cfcba3ad02900886e972a6c",
    "https://deno.land/std@0.145.0/node/internal_binding/task_queue.ts": "e292217d048a33573966b7d25352828d3282921fbcadce8735a20fb3da370cc4",
    "https://deno.land/std@0.145.0/node/internal_binding/tcp_wrap.ts": "dc30a903d7589dc82b8056a473b0318ecf3262e5c9e5974375fee8548b847056",
    "https://deno.land/std@0.145.0/node/internal_binding/timers.ts": "e292217d048a33573966b7d25352828d3282921fbcadce8735a20fb3da370cc4",
    "https://deno.land/std@0.145.0/node/internal_binding/tls_wrap.ts": "e292217d048a33573966b7d25352828d3282921fbcadce8735a20fb3da370cc4",
    "https://deno.land/std@0.145.0/node/internal_binding/trace_events.ts": "e292217d048a33573966b7d25352828d3282921fbcadce8735a20fb3da370cc4",
    "https://deno.land/std@0.145.0/node/internal_binding/tty_wrap.ts": "e292217d048a33573966b7d25352828d3282921fbcadce8735a20fb3da370cc4",
    "https://deno.land/std@0.145.0/node/internal_binding/types.ts": "4c26fb74ba2e45de553c15014c916df6789529a93171e450d5afb016b4c765e7",
    "https://deno.land/std@0.145.0/node/internal_binding/udp_wrap.ts": "74ef0ac9bd1e4ad2f2f470edf25a805f9dc7250cd7aaea43116a959da9134590",
    "https://deno.land/std@0.145.0/node/internal_binding/url.ts": "e292217d048a33573966b7d25352828d3282921fbcadce8735a20fb3da370cc4",
    "https://deno.land/std@0.145.0/node/internal_binding/util.ts": "faf5146c3cc3b2d6c26026a818b4a16e91488ab26e63c069f36ba3c3ae24c97b",
    "https://deno.land/std@0.145.0/node/internal_binding/uv.ts": "aa1db842936e77654522d9136bb2ae191bf334423f58962a8a7404b6635b5b49",
    "https://deno.land/std@0.145.0/node/internal_binding/v8.ts": "e292217d048a33573966b7d25352828d3282921fbcadce8735a20fb3da370cc4",
    "https://deno.land/std@0.145.0/node/internal_binding/worker.ts": "e292217d048a33573966b7d25352828d3282921fbcadce8735a20fb3da370cc4",
    "https://deno.land/std@0.145.0/node/internal_binding/zlib.ts": "e292217d048a33573966b7d25352828d3282921fbcadce8735a20fb3da370cc4",
    "https://deno.land/std@0.145.0/node/process.ts": "52e34ac80ce94e157c6df9e25343b3863182d639f0113d0dabb99f7fb59d55ca",
    "https://deno.land/std@0.145.0/node/stream.ts": "d127faa074a9e3886e4a01dcfe9f9a6a4b5641f76f6acc356e8ded7da5dc2c81",
    "https://deno.land/std@0.145.0/node/stream/promises.mjs": "b263c09f2d6bd715dc514fab3f99cca84f442e2d23e87adbe76e32ea46fc87e6",
    "https://deno.land/std@0.145.0/node/string_decoder.ts": "51ce85a173d2e36ac580d418bb48b804adb41732fc8bd85f7d5d27b7accbc61f",
    "https://deno.land/std@0.145.0/node/util.ts": "3c312dae662b0973bdf86f95211f57b65cc07e128e7460b52536f71c4ba379a0",
    "https://deno.land/std@0.145.0/node/util/types.ts": "f9288198cacd374b41bae7e92a23179d3160f4c0eaf14e19be3a4e7057219a60",
    "https://deno.land/std@0.145.0/path/_constants.ts": "df1db3ffa6dd6d1252cc9617e5d72165cd2483df90e93833e13580687b6083c3",
    "https://deno.land/std@0.145.0/path/_interface.ts": "ee3b431a336b80cf445441109d089b70d87d5e248f4f90ff906820889ecf8d09",
    "https://deno.land/std@0.145.0/path/_util.ts": "c1e9686d0164e29f7d880b2158971d805b6e0efc3110d0b3e24e4b8af2190d2b",
    "https://deno.land/std@0.145.0/path/common.ts": "bee563630abd2d97f99d83c96c2fa0cca7cee103e8cb4e7699ec4d5db7bd2633",
    "https://deno.land/std@0.145.0/path/glob.ts": "cb5255638de1048973c3e69e420c77dc04f75755524cb3b2e160fe9277d939ee",
    "https://deno.land/std@0.145.0/path/mod.ts": "4945b430b759b0b3d98f2a278542cbcf95e0ad2bd8eaaed3c67322b306b2b346",
    "https://deno.land/std@0.145.0/path/posix.ts": "c1f7afe274290ea0b51da07ee205653b2964bd74909a82deb07b69a6cc383aaa",
    "https://deno.land/std@0.145.0/path/separator.ts": "fe1816cb765a8068afb3e8f13ad272351c85cbc739af56dacfc7d93d710fe0f9",
    "https://deno.land/std@0.145.0/path/win32.ts": "bd7549042e37879c68ff2f8576a25950abbfca1d696d41d82c7bca0b7e6f452c",
    "https://deno.land/std@0.145.0/streams/conversion.ts": "fc3db02026183da795fa32ac7549868e9f19c75ba029d4b4c3739af62b48517a",
    "https://deno.land/std@0.145.0/testing/_diff.ts": "029a00560b0d534bc0046f1bce4bd36b3b41ada3f2a3178c85686eb2ff5f1413",
    "https://deno.land/std@0.145.0/testing/_format.ts": "0d8dc79eab15b67cdc532826213bbe05bccfd276ca473a50a3fc7bbfb7260642",
    "https://deno.land/std@0.145.0/testing/asserts.ts": "319df43e1e6bba2520508f6090a21a9a640cbe2754d255aee17cd1dfa78c2ff6",
    "https://deno.land/std@0.170.0/_util/asserts.ts": "d0844e9b62510f89ce1f9878b046f6a57bf88f208a10304aab50efcb48365272",
    "https://deno.land/std@0.170.0/_util/os.ts": "8a33345f74990e627b9dfe2de9b040004b08ea5146c7c9e8fe9a29070d193934",
    "https://deno.land/std@0.170.0/fmt/colors.ts": "03ad95e543d2808bc43c17a3dd29d25b43d0f16287fe562a0be89bf632454a12",
    "https://deno.land/std@0.170.0/fs/_util.ts": "fdc156f897197f261a1c096dcf8ff9267ed0ff42bd5b31f55053a4763a4bae3b",
    "https://deno.land/std@0.170.0/fs/copy.ts": "c6303e52f544c81271c929931f5b59c9cfa4f81930719d2d3f777188c38aac9f",
    "https://deno.land/std@0.170.0/fs/empty_dir.ts": "453d6232ff109f2afb5e57ec14c3228e399205c1b408d85536aed7230290c414",
    "https://deno.land/std@0.170.0/fs/ensure_dir.ts": "5e9e3d7da7fc5b5e391e6d9ccead17086d76e82fb46ccc7cc9b9ee3491bab6e0",
    "https://deno.land/std@0.170.0/fs/ensure_file.ts": "76ef3a8ebef60d8da1fc4316fcb8e20c1b6f52b1baed3a9692ad3b0d1a9a1b03",
    "https://deno.land/std@0.170.0/fs/ensure_link.ts": "adc8919063e26819f5971a0010fedc1bfd71d6350a24db1a36dff432bc35c7d7",
    "https://deno.land/std@0.170.0/fs/ensure_symlink.ts": "5273557b8c50be69477aa9cb003b54ff2240a336db52a40851c97abce76b96ab",
    "https://deno.land/std@0.170.0/fs/eol.ts": "6e784ff8120c8d5589cb258e56dc39bc5b408ac9827a2e914163cbf9f2e3ce92",
    "https://deno.land/std@0.170.0/fs/exists.ts": "6a447912e49eb79cc640adacfbf4b0baf8e17ede6d5bed057062ce33c4fa0d68",
    "https://deno.land/std@0.170.0/fs/expand_glob.ts": "3a92ee4921d2b063b8dfefd1d87c35bf81126f0f1cb16e5a0f4e9ecb88ec6fe3",
    "https://deno.land/std@0.170.0/fs/mod.ts": "79c209c6e66903b3426f9245a4f216380a0ed47ffe9d253f5a61a0bc9ad1f314",
    "https://deno.land/std@0.170.0/fs/move.ts": "02ab1fc9b744da8b496f406e9fc77b0bf7960b6faaa7ec9f5fb0a129e5bef215",
    "https://deno.land/std@0.170.0/fs/walk.ts": "677eac2e5386217a7a4e7526769ae28b41ff4ae7a3cd0389f3aa4eb662545edd",
    "https://deno.land/std@0.170.0/path/_constants.ts": "df1db3ffa6dd6d1252cc9617e5d72165cd2483df90e93833e13580687b6083c3",
    "https://deno.land/std@0.170.0/path/_interface.ts": "ee3b431a336b80cf445441109d089b70d87d5e248f4f90ff906820889ecf8d09",
    "https://deno.land/std@0.170.0/path/_util.ts": "d16be2a16e1204b65f9d0dfc54a9bc472cafe5f4a190b3c8471ec2016ccd1677",
    "https://deno.land/std@0.170.0/path/common.ts": "bee563630abd2d97f99d83c96c2fa0cca7cee103e8cb4e7699ec4d5db7bd2633",
    "https://deno.land/std@0.170.0/path/glob.ts": "81cc6c72be002cd546c7a22d1f263f82f63f37fe0035d9726aa96fc8f6e4afa1",
    "https://deno.land/std@0.170.0/path/mod.ts": "cf7cec7ac11b7048bb66af8ae03513e66595c279c65cfa12bfc07d9599608b78",
    "https://deno.land/std@0.170.0/path/posix.ts": "b859684bc4d80edfd4cad0a82371b50c716330bed51143d6dcdbe59e6278b30c",
    "https://deno.land/std@0.170.0/path/separator.ts": "fe1816cb765a8068afb3e8f13ad272351c85cbc739af56dacfc7d93d710fe0f9",
    "https://deno.land/std@0.170.0/path/win32.ts": "7cebd2bda6657371adc00061a1d23fdd87bcdf64b4843bb148b0b24c11b40f69",
    "https://deno.land/std@0.170.0/testing/_diff.ts": "a23e7fc2b4d8daa3e158fa06856bedf5334ce2a2831e8bf9e509717f455adb2c",
    "https://deno.land/std@0.170.0/testing/_format.ts": "cd11136e1797791045e639e9f0f4640d5b4166148796cad37e6ef75f7d7f3832",
    "https://deno.land/std@0.170.0/testing/_test_suite.ts": "2d07073d5460a4e3ec50c55ae822cd9bd136926d7363091379947fef9c73c3e4",
    "https://deno.land/std@0.170.0/testing/asserts.ts": "51353e79437361d4b02d8e32f3fc83b22231bc8f8d4c841d86fd32b0b0afe940",
    "https://deno.land/std@0.170.0/testing/bdd.ts": "9c2cd8473968e14fa8fe29f261c607aac0350ab5a63bc4f5650b8d1554372c5f",
    "https://deno.land/std@0.170.0/testing/mock.ts": "e19bf1f42b4b0aa7bc85d1f3aa01ed6d99368347c8df2d38e33d177a3976718b",
    "https://deno.land/std@0.170.0/testing/snapshot.ts": "721480723b386ce4c4082de51892ecbdf6a900ef5d8878f78d15938165b251f4",
    "https://deno.land/x/bext@v0.1.2/mock_browser/main.ts": "58a817b10d52d151adf12d02131c9e17271f7476dc8813aacadbe5a1d6ab12a7",
    "https://deno.land/x/bext@v0.1.2/mod.ts": "e314c55b7ffa8639e086a1bc9819416e9cafb07ad4f960850ad2a448eaa9c5c2",
    "https://deno.land/x/bext@v0.1.2/types/browser_api.ts": "03d759262f879bb39bf5e1937231d1c2bab190d832956676a3d14b26728ff1b7",
    "https://deno.land/x/bext@v0.1.2/types/browser_api_modules/event.ts": "aba4560d7f6c7ecb9831d594621b9e344a488c39ad667936e114803491a8b3ee",
    "https://deno.land/x/bext@v0.1.2/types/browser_api_modules/manifest.ts": "ad032694be806d3d100eb685ccc39d03850d6d3eaf10a3061247edf51dbc4131",
    "https://deno.land/x/bext@v0.1.2/types/browser_api_modules/permissions.ts": "c7b62554e3aa46bcdaf3c9b39580a204ac48c1abf8158ca11d736e70abb44a68",
    "https://deno.land/x/bext@v0.1.2/types/browser_api_modules/platform.ts": "35a745dbc586ae967aca8388c0d5423d0b45f7cc48f23f20d778fa86c597d318",
    "https://deno.land/x/bext@v0.1.2/types/browser_api_modules/runtime.ts": "defc23fb34396f1c87de682e7bc36f03e0efa096a0d42b77db0bf730ff14c0da",
    "https://deno.land/x/bext@v0.1.2/types/browser_api_modules/storage.ts": "7c17ca08ea2ab7d9b0abbb12ae8c3e8fb133ebfad77e3a83df6c5b013dbcbab1",
    "https://deno.land/x/bext@v0.1.2/types/browser_api_modules/tabs.ts": "b49b2c1c281fba39a6409fb5544b75bc4b1b5ce15c3b2bc7980320defdfeda8d",
    "https://deno.land/x/bext@v0.1.2/types/browser_api_modules/web_request.ts": "bf236abf029f796d2b62c5d0dda17734a8dbc86f48c7e79ac6a8e3a3cc7da8e8",
    "https://deno.land/x/bext@v0.1.2/types/browser_api_modules/windows.ts": "2e93dcb8aa587673d5af62195470e852b73b08f0d88881d24276aaea502c9a87",
    "https://deno.land/x/bext@v0.1.2/types/manifest.ts": "e3b0c44298fc1c149afbf4c8996fb92427ae41e4649b934ca495991b7852b855",
    "https://deno.land/x/bext@v0.1.2/utilities/predicates.ts": "4c6460bf27aa4b53f519bea3daa05df3ab1d6c13b1d7499343f396f70a478eca",
    "https://deno.land/x/bext@v1.0.0/mock_browser/main.ts": "7f70c9e88d0036b738eb55020add2ee3be001e4f947dd362224d7972155eaa71",
    "https://deno.land/x/bext@v1.0.0/mod.ts": "c6bf05b7d112bfbccc65b6bc57c28c76b6849e2f968b43c4b418b4ea1c443017",
    "https://deno.land/x/bext@v1.0.0/types/chrome.ts": "47bb8360629a17f0883d737cf92559f37b7bed1b01644bd0ca98870b10ab969a",
    "https://deno.land/x/bext@v1.0.0/utilities/predicates.ts": "4c6460bf27aa4b53f519bea3daa05df3ab1d6c13b1d7499343f396f70a478eca",
    "https://deno.land/x/deno_dom@v0.1.36-alpha/build/deno-wasm/deno-wasm.js": "3fa41dba4813e6d4b024a53a146b76e1afcbdf218fc02063442378c61239ed14",
    "https://deno.land/x/deno_dom@v0.1.36-alpha/deno-dom-wasm.ts": "bfd999a493a6974e9fca4d331bee03bfb68cfc600c662cd0b48b21d67a2a8ba0",
    "https://deno.land/x/deno_dom@v0.1.36-alpha/src/api.ts": "0ff5790f0a3eeecb4e00b7d8fbfa319b165962cf6d0182a65ba90f158d74f7d7",
    "https://deno.land/x/deno_dom@v0.1.36-alpha/src/constructor-lock.ts": "59714df7e0571ec7bd338903b1f396202771a6d4d7f55a452936bd0de9deb186",
    "https://deno.land/x/deno_dom@v0.1.36-alpha/src/deserialize.ts": "f4d34514ca00473ca428b69ad437ba345925744b5d791cb9552e2d7a0e7b0439",
    "https://deno.land/x/deno_dom@v0.1.36-alpha/src/dom/document-fragment.ts": "a40c6e18dd0efcf749a31552c1c9a6f7fa614452245e86ee38fc92ba0235e5ae",
    "https://deno.land/x/deno_dom@v0.1.36-alpha/src/dom/document.ts": "b8f4e4ccabaaa063d6562a0f2f8dea9c0419515d63d8bd79bfde95f7cd64bd93",
    "https://deno.land/x/deno_dom@v0.1.36-alpha/src/dom/dom-parser.ts": "609097b426f8c2358f3e5d2bca55ed026cf26cdf86562e94130dfdb0f2537f92",
    "https://deno.land/x/deno_dom@v0.1.36-alpha/src/dom/element.ts": "4a267c24d0e20b70741a14ab371a7511a4f3db682d3a1d229adaa66a46445fff",
    "https://deno.land/x/deno_dom@v0.1.36-alpha/src/dom/elements/html-template-element.ts": "19ad97c55222115e8daaca2788b9c98cc31a7f9d2547ed5bca0c56a4a12bfec8",
    "https://deno.land/x/deno_dom@v0.1.36-alpha/src/dom/html-collection.ts": "ae90197f5270c32074926ad6cf30ee07d274d44596c7e413c354880cebce8565",
    "https://deno.land/x/deno_dom@v0.1.36-alpha/src/dom/node-list.ts": "4c6e4b4585301d4147addaccd90cb5f5a80e8d6290a1ba7058c5e3dfea16e15d",
    "https://deno.land/x/deno_dom@v0.1.36-alpha/src/dom/node.ts": "3069e6fc93ac4111a136ed68199d76673339842b9751610ba06f111ba7dc10a7",
    "https://deno.land/x/deno_dom@v0.1.36-alpha/src/dom/selectors/custom-api.ts": "852696bd58e534bc41bd3be9e2250b60b67cd95fd28ed16b1deff1d548531a71",
    "https://deno.land/x/deno_dom@v0.1.36-alpha/src/dom/selectors/nwsapi-types.ts": "c43b36c36acc5d32caabaa54fda8c9d239b2b0fcbce9a28efb93c84aa1021698",
    "https://deno.land/x/deno_dom@v0.1.36-alpha/src/dom/selectors/nwsapi.js": "985d7d8fc1eabbb88946b47a1c44c1b2d4aa79ff23c21424219f1528fa27a2ff",
    "https://deno.land/x/deno_dom@v0.1.36-alpha/src/dom/selectors/selectors.ts": "83eab57be2290fb48e3130533448c93c6c61239f2a2f3b85f1917f80ca0fdc75",
    "https://deno.land/x/deno_dom@v0.1.36-alpha/src/dom/selectors/sizzle-types.ts": "78149e2502409989ce861ed636b813b059e16bc267bb543e7c2b26ef43e4798b",
    "https://deno.land/x/deno_dom@v0.1.36-alpha/src/dom/selectors/sizzle.js": "c3aed60c1045a106d8e546ac2f85cc82e65f62d9af2f8f515210b9212286682a",
    "https://deno.land/x/deno_dom@v0.1.36-alpha/src/dom/utils-types.ts": "96db30e3e4a75b194201bb9fa30988215da7f91b380fca6a5143e51ece2a8436",
    "https://deno.land/x/deno_dom@v0.1.36-alpha/src/dom/utils.ts": "ecd889ba74f3ce282620d8ca1d4d5e0365e6cc86101d2352f3bbf936ae496e2c",
    "https://deno.land/x/deno_dom@v0.1.36-alpha/src/parser.ts": "b65eb7e673fa7ca611de871de109655f0aa9fa35ddc1de73df1a5fc2baafc332",
    "https://deno.land/x/emoji@0.2.0/types.ts": "5897345f500088c719a35388c5b192bc5d93fc2c13e37d94eafa8ff3480edd17",
    "https://deno.land/x/emoji@0.2.1/all.json": "9beb741e050f6eaeab2e4529517a68fd55f4cde98d9a5008c5ef5537e4d2ddb5",
    "https://deno.land/x/emoji@0.2.1/emoji.ts": "59baa579fead2ea631cde96aefa03689ee2f1241ab76398965eddc5c66096047",
    "https://deno.land/x/emoji@0.2.1/mod.ts": "733bed20d9489f91fd16823bc0bff4943d995d7f1fdae6fea458b3e0927bde96",
    "https://deno.land/x/emoji@0.2.1/types.ts": "5897345f500088c719a35388c5b192bc5d93fc2c13e37d94eafa8ff3480edd17",
    "https://deno.land/x/emoji@0.2.1/unicode.ts": "ac8079e8e1da66ae9e601c1fdd0e7641120c2b07ca7bd2875e65fe23e16e6199",
    "https://esm.sh/@testing-library/preact@3.2.2/pure?dev": "4663aaabf8db67a77e369b0eebe465dd72558c42a34c08592707d8655fce739d",
    "https://esm.sh/preact@10.11.3/hooks?dev": "0f1eda4f2feebb3bf232362d90601388d46872fc75eaacd0a9f221ad0871a76c",
    "https://esm.sh/preact@10.11.3?dev": "31b76911403b1a8276741b424af05281b47e54217f58cd30e80d22aea3bb0e40",
    "https://esm.sh/stable/preact@10.11.3/deno/hooks.development.js": "606e18f2342a9d8c2e92d6492e7f747232191e9382c1fe0e6358bddfbadb1489",
    "https://esm.sh/stable/preact@10.11.3/deno/preact.development.js": "2d6e41505e2e5d5e894296aae9c3261c67a62f024d5d2703a051cba1aacf320d",
    "https://esm.sh/v102/preact@10.11.3/hooks/src/index.d.ts": "5c29febb624fc25d71cb0e125848c9b711e233337a08f7eacfade38fd4c14cc3",
    "https://esm.sh/v102/preact@10.11.3/src/index.d.ts": "76842a9d103548261ee001f2aee5fa5cacc8b1b4b4032af537ed84603c8f4a31",
    "https://esm.sh/v102/preact@10.11.3/src/jsx.d.ts": "77ce5bd7324455c9f6dc85bfc3c94b733acb92cc98fdf82e4b1059c8bca7866d",
    "https://esm.sh/v86/@babel/runtime@7.18.3/deno/helpers/esm/asyncToGenerator.development.js": "ba3fae631c209d49ababdf027ba01ddebf4c114d88bef7dd73fe70e4b4071949",
    "https://esm.sh/v86/@babel/runtime@7.18.3/deno/helpers/esm/extends.development.js": "a7f467c508d776c65118707d7de78d76120388bd6947ae7436d7a3252d695965",
    "https://esm.sh/v86/@babel/runtime@7.18.3/deno/helpers/esm/objectWithoutPropertiesLoose.development.js": "a22d90d9a22a0a3416a281a01471b9a3c18f8483ddbfde168e85d7bcba3c1a71",
    "https://esm.sh/v86/@babel/runtime@7.18.3/deno/regenerator.development.js": "26219424de0e754ee8591a6d1e89084905b2e3112d889a7e3c266a01d2db07b0",
    "https://esm.sh/v86/@testing-library/dom@8.14.0/deno/dom.development.js": "17e1b43bc47761a33282a01d9973cf8b567eb0eff9ab0bd5aec18a7422937155",
    "https://esm.sh/v86/@testing-library/dom@8.14.0/types/config.d.ts": "2a90177ebaef25de89351de964c2c601ab54d6e3a157cba60d9cd3eaf5a5ee1a",
    "https://esm.sh/v86/@testing-library/dom@8.14.0/types/events.d.ts": "cb3aaf306b5ff2ec718359e2e2244263c0b364c35759b1467c16caa113ccb849",
    "https://esm.sh/v86/@testing-library/dom@8.14.0/types/get-node-text.d.ts": "a0a6f0095f25f08a7129bc4d7cb8438039ec422dc341218d274e1e5131115988",
    "https://esm.sh/v86/@testing-library/dom@8.14.0/types/get-queries-for-element.d.ts": "61b0bd9a20e0738fd87e67017a69df89106f12e516fdd15ce0a889f7c60d479f",
    "https://esm.sh/v86/@testing-library/dom@8.14.0/types/index.d.ts": "561aeabb2e1fa95bc9d1f9153ccb5e8cd8fb7ffd5a412616c3cfb24dfa613d79",
    "https://esm.sh/v86/@testing-library/dom@8.14.0/types/matches.d.ts": "d432d9f06fa44227ba9b71501496ba678fbeb31dec108c79c81e899bb6f3b5d4",
    "https://esm.sh/v86/@testing-library/dom@8.14.0/types/pretty-dom.d.ts": "06d6c5f1d4d574f5a5fd68de3de86d957b8039c8f3e52766d335c11357cbe7aa",
    "https://esm.sh/v86/@testing-library/dom@8.14.0/types/queries.d.ts": "8008a67a579af89fe977900215159d1f470c1c2e2c6a5e638b6e9b053ca37f7a",
    "https://esm.sh/v86/@testing-library/dom@8.14.0/types/query-helpers.d.ts": "56f39bce2cd0e3f3cdcb4bea7175eddba13ee18b91aa3ecc5d42dadc5fb64ccc",
    "https://esm.sh/v86/@testing-library/dom@8.14.0/types/role-helpers.d.ts": "a3ce619711ff1bcdaaf4b5187d1e3f84e76064909a7c7ecb2e2f404f145b7b5c",
    "https://esm.sh/v86/@testing-library/dom@8.14.0/types/screen.d.ts": "858c5973eec077681094e59a0c09411ebd855e0002fcfd00865d944ed367b40b",
    "https://esm.sh/v86/@testing-library/dom@8.14.0/types/suggestions.d.ts": "82200e963d3c767976a5a9f41ecf8c65eca14a6b33dcbe00214fcbe959698c46",
    "https://esm.sh/v86/@testing-library/dom@8.14.0/types/wait-for-element-to-be-removed.d.ts": "278ba90329ef4874f485dbd9f4e2ede0a71f0b10dbca0a6b0562d013f343d247",
    "https://esm.sh/v86/@testing-library/dom@8.14.0/types/wait-for.d.ts": "8387ec1601cf6b8948672537cf8d430431ba0d87b1f9537b4597c1ab8d3ade5b",
    "https://esm.sh/v86/@testing-library/preact@3.2.2/deno/pure.development.js": "1f4f2eb0f031f00d374e73ec07c965a8ddc6166a2791aa88f35cfaebd36cc890",
    "https://esm.sh/v86/@testing-library/preact@3.2.2/pure.d.ts": "f06991c4779f4d8b8e5f992db67130b140d81ab396f7c9633d4c046f4b74ee64",
    "https://esm.sh/v86/@testing-library/preact@3.2.2/types/index.d.ts": "e2963855b548abe8e7f6863c248468900478c71ca5c7288d804cead50c2584ba",
    "https://esm.sh/v86/@testing-library/preact@3.2.2/types/pure.d.ts": "9a187a4af742d488d6cc2c73e8aca58e0fe8977e5364920da39c95026539e363",
    "https://esm.sh/v86/@types/aria-query@4.2.2/index.d.ts": "5024433f8da3a7968f6d12cffd32f2cefae4442a9ad1c965fa2d23342338b700",
    "https://esm.sh/v86/ansi-regex@5.0.1/deno/ansi-regex.development.js": "eecf5158096e31be2f7a375c266497125e56767da130c60e1aa91955c64d8423",
    "https://esm.sh/v86/ansi-styles@5.2.0/deno/ansi-styles.development.js": "77c2c8069555da69c56a2062c92480673f9a05abdcce42313c23fd11a2fdf330",
    "https://esm.sh/v86/aria-query@5.0.0/deno/aria-query.development.js": "1b15a58427b9eb82fe450bbe14b5960bac8de78b2aba08114b6999de23e6af27",
    "https://esm.sh/v86/dom-accessibility-api@0.5.14/deno/dom-accessibility-api.development.js": "c792a3e9164de14b6c423f2d3b484045f4e927bdab24e50f2a9e100c048ea246",
    "https://esm.sh/v86/lz-string@1.4.4/deno/lz-string.development.js": "2f4b7881bafe340edab1b3a3b71240d425959a2e9df7268351d7f6c30e6c7a34",
    "https://esm.sh/v86/preact@10.8.2/deno/hooks.development.js": "288a0e48f0e7d2d561d8707c13554d64d5be042fa2cfacd306dff735068cdcc0",
    "https://esm.sh/v86/preact@10.8.2/deno/preact.development.js": "6e28e6af1461748a583365a7a0df8da7dcd0239ca01e2d1a324d39c94dc8ab11",
    "https://esm.sh/v86/preact@10.8.2/deno/test-utils.development.js": "86143f47eb92fcd939089e5f8377868d0362146d96068113b2d988dd98a8465b",
    "https://esm.sh/v86/preact@10.8.2/src/index.d.ts": "d3e2e5125321d592d2458226f311de66411f2fa949e546cbaaefa533c4fb89e3",
    "https://esm.sh/v86/preact@10.8.2/src/jsx.d.ts": "c5d73e52438e7ce5f9333778aad2c38f5f45023c5035d0cc309badceb2ba2a55",
    "https://esm.sh/v86/preact@10.8.2/test-utils/src/index.d.ts": "e12f1adddaf2e426f662f7de8529e8657ff2b801f28cc9e0ef99cd66db013ad5",
    "https://esm.sh/v86/pretty-format@27.5.1/build/index.d.ts": "56a50e283257c7fc16958f9e31d8260262505551782a6afc31030970ff48775a",
    "https://esm.sh/v86/pretty-format@27.5.1/build/types.d.ts": "462bccdf75fcafc1ae8c30400c9425e1a4681db5d605d1a0edb4f990a54d8094",
    "https://esm.sh/v86/pretty-format@27.5.1/deno/pretty-format.development.js": "8c65aa70783dd996ffecacc3d86ca6888e07e298b29d559cc7764896f74a8ee9",
    "https://esm.sh/v86/react-is@17.0.2/deno/react-is.development.js": "4a63c7ec7713d3786b5403f5e82fe1208eec1b5aa1c61e4ef7f0277e183f3a52",
    "https://raw.githubusercontent.com/bpevs/bext/main/source/mock_browser/main.ts": "58a817b10d52d151adf12d02131c9e17271f7476dc8813aacadbe5a1d6ab12a7",
    "https://raw.githubusercontent.com/bpevs/bext/main/source/mod.ts": "e314c55b7ffa8639e086a1bc9819416e9cafb07ad4f960850ad2a448eaa9c5c2",
    "https://raw.githubusercontent.com/bpevs/bext/main/source/types/browser_api.ts": "03d759262f879bb39bf5e1937231d1c2bab190d832956676a3d14b26728ff1b7",
    "https://raw.githubusercontent.com/bpevs/bext/main/source/types/browser_api_modules/event.ts": "aba4560d7f6c7ecb9831d594621b9e344a488c39ad667936e114803491a8b3ee",
    "https://raw.githubusercontent.com/bpevs/bext/main/source/types/browser_api_modules/manifest.ts": "ad032694be806d3d100eb685ccc39d03850d6d3eaf10a3061247edf51dbc4131",
    "https://raw.githubusercontent.com/bpevs/bext/main/source/types/browser_api_modules/permissions.ts": "c7b62554e3aa46bcdaf3c9b39580a204ac48c1abf8158ca11d736e70abb44a68",
    "https://raw.githubusercontent.com/bpevs/bext/main/source/types/browser_api_modules/platform.ts": "35a745dbc586ae967aca8388c0d5423d0b45f7cc48f23f20d778fa86c597d318",
    "https://raw.githubusercontent.com/bpevs/bext/main/source/types/browser_api_modules/runtime.ts": "defc23fb34396f1c87de682e7bc36f03e0efa096a0d42b77db0bf730ff14c0da",
    "https://raw.githubusercontent.com/bpevs/bext/main/source/types/browser_api_modules/storage.ts": "7c17ca08ea2ab7d9b0abbb12ae8c3e8fb133ebfad77e3a83df6c5b013dbcbab1",
    "https://raw.githubusercontent.com/bpevs/bext/main/source/types/browser_api_modules/tabs.ts": "b49b2c1c281fba39a6409fb5544b75bc4b1b5ce15c3b2bc7980320defdfeda8d",
    "https://raw.githubusercontent.com/bpevs/bext/main/source/types/browser_api_modules/web_request.ts": "bf236abf029f796d2b62c5d0dda17734a8dbc86f48c7e79ac6a8e3a3cc7da8e8",
    "https://raw.githubusercontent.com/bpevs/bext/main/source/types/browser_api_modules/windows.ts": "2e93dcb8aa587673d5af62195470e852b73b08f0d88881d24276aaea502c9a87",
    "https://raw.githubusercontent.com/bpevs/bext/main/source/types/chrome.ts": "47bb8360629a17f0883d737cf92559f37b7bed1b01644bd0ca98870b10ab969a",
    "https://raw.githubusercontent.com/bpevs/bext/main/source/types/manifest.ts": "e3b0c44298fc1c149afbf4c8996fb92427ae41e4649b934ca495991b7852b855",
    "https://raw.githubusercontent.com/bpevs/bext/main/source/utilities/predicates.ts": "4c6460bf27aa4b53f519bea3daa05df3ab1d6c13b1d7499343f396f70a478eca"
  },
  "npm": {
    "specifiers": {
      "@types/chrome": "@types/chrome@0.0.210"
    },
    "packages": {
      "@types/chrome@0.0.210": {
        "integrity": "sha512-VSjQu1k6a/rAfuqR1Gi/oxHZj4+t6+LG+GobNI3ZWI6DQ+fmphNSF6TrLHG6BYK2bXc9Gb4c1uXFKRRVLaGl5Q==",
        "dependencies": {
          "@types/filesystem": "@types/filesystem@0.0.32",
          "@types/har-format": "@types/har-format@1.2.10"
        }
      },
      "@types/filesystem@0.0.32": {
        "integrity": "sha512-Yuf4jR5YYMR2DVgwuCiP11s0xuVRyPKmz8vo6HBY3CGdeMj8af93CFZX+T82+VD1+UqHOxTq31lO7MI7lepBtQ==",
        "dependencies": {
          "@types/filewriter": "@types/filewriter@0.0.29"
        }
      },
      "@types/filewriter@0.0.29": {
        "integrity": "sha512-BsPXH/irW0ht0Ji6iw/jJaK8Lj3FJemon2gvEqHKpCdDCeemHa+rI3WBGq5z7cDMZgoLjY40oninGxqk+8NzNQ==",
        "dependencies": {}
      },
      "@types/har-format@1.2.10": {
        "integrity": "sha512-o0J30wqycjF5miWDKYKKzzOU1ZTLuA42HZ4HE7/zqTOc/jTLdQ5NhYWvsRQo45Nfi1KHoRdNhteSI4BAxTF1Pg==",
        "dependencies": {}
      }
    }
  }
}